
Microsoft Visual Studio Solution File, Format Version 12.00
# Visual Studio 14
VisualStudioVersion = 14.0.25420.1
MinimumVisualStudioVersion = 10.0.40219.1
Project("{FAE04EC0-301F-11D3-BF4B-00C04F79EFBC}") = "1. Count Working Days", "1. Count Working Days\1. Count Working Days.csproj", "{5EF58E40-0E85-491D-9F1C-57792F9DEC8F}"
EndProject
Project("{FAE04EC0-301F-11D3-BF4B-00C04F79EFBC}") = "2. Advertisement Message", "2. Advertisement Message\2. Advertisement Message.csproj", "{80B48F53-8A1F-45EF-AFF2-38491DE3F53D}"
EndProject
Project("{FAE04EC0-301F-11D3-BF4B-00C04F79EFBC}") = "3. Intersection of Circles", "3. Intersection of Circles\3. Intersection of Circles.csproj", "{25BADB08-D24A-4B0D-BF4D-029B3E4C5E74}"
EndProject
Global
	GlobalSection(SolutionConfigurationPlatforms) = preSolution
		Debug|Any CPU = Debug|Any CPU
		Release|Any CPU = Release|Any CPU
	EndGlobalSection
	GlobalSection(ProjectConfigurationPlatforms) = postSolution
		{5EF58E40-0E85-491D-9F1C-57792F9DEC8F}.Debug|Any CPU.ActiveCfg = Debug|Any CPU
		{5EF58E40-0E85-491D-9F1C-57792F9DEC8F}.Debug|Any CPU.Build.0 = Debug|Any CPU
		{5EF58E40-0E85-491D-9F1C-57792F9DEC8F}.Release|Any CPU.ActiveCfg = Release|Any CPU
		{5EF58E40-0E85-491D-9F1C-57792F9DEC8F}.Release|Any CPU.Build.0 = Release|Any CPU
		{80B48F53-8A1F-45EF-AFF2-38491DE3F53D}.Debug|Any CPU.ActiveCfg = Debug|Any CPU
		{80B48F53-8A1F-45EF-AFF2-38491DE3F53D}.Debug|Any CPU.Build.0 = Debug|Any CPU
		{80B48F53-8A1F-45EF-AFF2-38491DE3F53D}.Release|Any CPU.ActiveCfg = Release|Any CPU
		{80B48F53-8A1F-45EF-AFF2-38491DE3F53D}.Release|Any CPU.Build.0 = Release|Any CPU
		{25BADB08-D24A-4B0D-BF4D-029B3E4C5E74}.Debug|Any CPU.ActiveCfg = Debug|Any CPU
		{25BADB08-D24A-4B0D-BF4D-029B3E4C5E74}.Debug|Any CPU.Build.0 = Debug|Any CPU
		{25BADB08-D24A-4B0D-BF4D-029B3E4C5E74}.Release|Any CPU.ActiveCfg = Release|Any CPU
		{25BADB08-D24A-4B0D-BF4D-029B3E4C5E74}.Release|Any CPU.Build.0 = Release|Any CPU
	EndGlobalSection
	GlobalSection(SolutionProperties) = preSolution
		HideSolutionNode = FALSE
	EndGlobalSection
EndGlobal
