
Microsoft Visual Studio Solution File, Format Version 12.00
# Visual Studio 14
VisualStudioVersion = 14.0.25420.1
MinimumVisualStudioVersion = 10.0.40219.1
Project("{FAE04EC0-301F-11D3-BF4B-00C04F79EFBC}") = "1. Count Working Days", "1. Count Working Days\1. Count Working Days.csproj", "{5EF58E40-0E85-491D-9F1C-57792F9DEC8F}"
EndProject
Project("{FAE04EC0-301F-11D3-BF4B-00C04F79EFBC}") = "2. Advertisement Message", "2. Advertisement Message\2. Advertisement Message.csproj", "{80B48F53-8A1F-45EF-AFF2-38491DE3F53D}"
EndProject
Project("{FAE04EC0-301F-11D3-BF4B-00C04F79EFBC}") = "3. Intersection of Circles", "3. Intersection of Circles\3. Intersection of Circles.csproj", "{25BADB08-D24A-4B0D-BF4D-029B3E4C5E74}"
EndProject
Project("{FAE04EC0-301F-11D3-BF4B-00C04F79EFBC}") = "4. Average Grades", "4. Average Grades\4. Average Grades.csproj", "{437865A7-4BF5-4D3A-BD59-1B7768851E8D}"
EndProject
Project("{FAE04EC0-301F-11D3-BF4B-00C04F79EFBC}") = "5. Book Library", "5. Book Library\5. Book Library.csproj", "{395ACE3F-1BB2-496A-BD06-2DC48D896BC1}"
EndProject
Project("{FAE04EC0-301F-11D3-BF4B-00C04F79EFBC}") = "6. Book Library Modification", "6. Book Library Modification\6. Book Library Modification.csproj", "{C4035D1C-DEA0-4419-B522-937C3F3BCBA7}"
EndProject
Project("{FAE04EC0-301F-11D3-BF4B-00C04F79EFBC}") = "7. Andrey and billiard", "7. Andrey and billiard\7. Andrey and billiard.csproj", "{65681DAF-7C4A-4AFD-A5D0-C09F4C27316F}"
EndProject
Project("{FAE04EC0-301F-11D3-BF4B-00C04F79EFBC}") = "8. Mentor group", "8. Mentor group\8. Mentor group.csproj", "{3C73D4AC-F6BD-4D46-9164-FE7FA260045B}"
EndProject
Project("{FAE04EC0-301F-11D3-BF4B-00C04F79EFBC}") = "9. Teamwork projects", "9. Teamwork projects\9. Teamwork projects.csproj", "{F8B30F5B-1224-461D-84D3-A5797F02CD90}"
EndProject
Project("{FAE04EC0-301F-11D3-BF4B-00C04F79EFBC}") = "10. Student Groups", "10. Student Groups\10. Student Groups.csproj", "{1B57B652-35F1-423A-8B05-73F8C06046C1}"
EndProject
Global
	GlobalSection(SolutionConfigurationPlatforms) = preSolution
		Debug|Any CPU = Debug|Any CPU
		Release|Any CPU = Release|Any CPU
	EndGlobalSection
	GlobalSection(ProjectConfigurationPlatforms) = postSolution
		{5EF58E40-0E85-491D-9F1C-57792F9DEC8F}.Debug|Any CPU.ActiveCfg = Debug|Any CPU
		{5EF58E40-0E85-491D-9F1C-57792F9DEC8F}.Debug|Any CPU.Build.0 = Debug|Any CPU
		{5EF58E40-0E85-491D-9F1C-57792F9DEC8F}.Release|Any CPU.ActiveCfg = Release|Any CPU
		{5EF58E40-0E85-491D-9F1C-57792F9DEC8F}.Release|Any CPU.Build.0 = Release|Any CPU
		{80B48F53-8A1F-45EF-AFF2-38491DE3F53D}.Debug|Any CPU.ActiveCfg = Debug|Any CPU
		{80B48F53-8A1F-45EF-AFF2-38491DE3F53D}.Debug|Any CPU.Build.0 = Debug|Any CPU
		{80B48F53-8A1F-45EF-AFF2-38491DE3F53D}.Release|Any CPU.ActiveCfg = Release|Any CPU
		{80B48F53-8A1F-45EF-AFF2-38491DE3F53D}.Release|Any CPU.Build.0 = Release|Any CPU
		{25BADB08-D24A-4B0D-BF4D-029B3E4C5E74}.Debug|Any CPU.ActiveCfg = Debug|Any CPU
		{25BADB08-D24A-4B0D-BF4D-029B3E4C5E74}.Debug|Any CPU.Build.0 = Debug|Any CPU
		{25BADB08-D24A-4B0D-BF4D-029B3E4C5E74}.Release|Any CPU.ActiveCfg = Release|Any CPU
		{25BADB08-D24A-4B0D-BF4D-029B3E4C5E74}.Release|Any CPU.Build.0 = Release|Any CPU
		{437865A7-4BF5-4D3A-BD59-1B7768851E8D}.Debug|Any CPU.ActiveCfg = Debug|Any CPU
		{437865A7-4BF5-4D3A-BD59-1B7768851E8D}.Debug|Any CPU.Build.0 = Debug|Any CPU
		{437865A7-4BF5-4D3A-BD59-1B7768851E8D}.Release|Any CPU.ActiveCfg = Release|Any CPU
		{437865A7-4BF5-4D3A-BD59-1B7768851E8D}.Release|Any CPU.Build.0 = Release|Any CPU
		{395ACE3F-1BB2-496A-BD06-2DC48D896BC1}.Debug|Any CPU.ActiveCfg = Debug|Any CPU
		{395ACE3F-1BB2-496A-BD06-2DC48D896BC1}.Debug|Any CPU.Build.0 = Debug|Any CPU
		{395ACE3F-1BB2-496A-BD06-2DC48D896BC1}.Release|Any CPU.ActiveCfg = Release|Any CPU
		{395ACE3F-1BB2-496A-BD06-2DC48D896BC1}.Release|Any CPU.Build.0 = Release|Any CPU
		{C4035D1C-DEA0-4419-B522-937C3F3BCBA7}.Debug|Any CPU.ActiveCfg = Debug|Any CPU
		{C4035D1C-DEA0-4419-B522-937C3F3BCBA7}.Debug|Any CPU.Build.0 = Debug|Any CPU
		{C4035D1C-DEA0-4419-B522-937C3F3BCBA7}.Release|Any CPU.ActiveCfg = Release|Any CPU
		{C4035D1C-DEA0-4419-B522-937C3F3BCBA7}.Release|Any CPU.Build.0 = Release|Any CPU
		{65681DAF-7C4A-4AFD-A5D0-C09F4C27316F}.Debug|Any CPU.ActiveCfg = Debug|Any CPU
		{65681DAF-7C4A-4AFD-A5D0-C09F4C27316F}.Debug|Any CPU.Build.0 = Debug|Any CPU
		{65681DAF-7C4A-4AFD-A5D0-C09F4C27316F}.Release|Any CPU.ActiveCfg = Release|Any CPU
		{65681DAF-7C4A-4AFD-A5D0-C09F4C27316F}.Release|Any CPU.Build.0 = Release|Any CPU
		{3C73D4AC-F6BD-4D46-9164-FE7FA260045B}.Debug|Any CPU.ActiveCfg = Debug|Any CPU
		{3C73D4AC-F6BD-4D46-9164-FE7FA260045B}.Debug|Any CPU.Build.0 = Debug|Any CPU
		{3C73D4AC-F6BD-4D46-9164-FE7FA260045B}.Release|Any CPU.ActiveCfg = Release|Any CPU
		{3C73D4AC-F6BD-4D46-9164-FE7FA260045B}.Release|Any CPU.Build.0 = Release|Any CPU
		{F8B30F5B-1224-461D-84D3-A5797F02CD90}.Debug|Any CPU.ActiveCfg = Debug|Any CPU
		{F8B30F5B-1224-461D-84D3-A5797F02CD90}.Debug|Any CPU.Build.0 = Debug|Any CPU
		{F8B30F5B-1224-461D-84D3-A5797F02CD90}.Release|Any CPU.ActiveCfg = Release|Any CPU
		{F8B30F5B-1224-461D-84D3-A5797F02CD90}.Release|Any CPU.Build.0 = Release|Any CPU
		{1B57B652-35F1-423A-8B05-73F8C06046C1}.Debug|Any CPU.ActiveCfg = Debug|Any CPU
		{1B57B652-35F1-423A-8B05-73F8C06046C1}.Debug|Any CPU.Build.0 = Debug|Any CPU
		{1B57B652-35F1-423A-8B05-73F8C06046C1}.Release|Any CPU.ActiveCfg = Release|Any CPU
		{1B57B652-35F1-423A-8B05-73F8C06046C1}.Release|Any CPU.Build.0 = Release|Any CPU
	EndGlobalSection
	GlobalSection(SolutionProperties) = preSolution
		HideSolutionNode = FALSE
	EndGlobalSection
EndGlobal
