
Microsoft Visual Studio Solution File, Format Version 12.00
# Visual Studio 14
VisualStudioVersion = 14.0.25420.1
MinimumVisualStudioVersion = 10.0.40219.1
Project("{FAE04EC0-301F-11D3-BF4B-00C04F79EFBC}") = "ClassBox", "ClassBox\ClassBox.csproj", "{C2900C0E-114C-437B-8DAC-02D33C6BCC08}"
EndProject
Project("{FAE04EC0-301F-11D3-BF4B-00C04F79EFBC}") = "AnimalFarm", "AnimalFarm\AnimalFarm.csproj", "{B67B1D21-D805-4729-BCF7-407C5BC29F23}"
EndProject
Project("{FAE04EC0-301F-11D3-BF4B-00C04F79EFBC}") = "ShoppingSpree", "ShoppingSpree\ShoppingSpree.csproj", "{CF934C3E-941D-4AB7-A935-3AAB2C6D6920}"
EndProject
Project("{FAE04EC0-301F-11D3-BF4B-00C04F79EFBC}") = "PizzaCalories", "PizzaCalories\PizzaCalories.csproj", "{F5BFB8EB-029B-407D-9B4F-ABA876BD6960}"
EndProject
Global
	GlobalSection(SolutionConfigurationPlatforms) = preSolution
		Debug|Any CPU = Debug|Any CPU
		Release|Any CPU = Release|Any CPU
	EndGlobalSection
	GlobalSection(ProjectConfigurationPlatforms) = postSolution
		{C2900C0E-114C-437B-8DAC-02D33C6BCC08}.Debug|Any CPU.ActiveCfg = Debug|Any CPU
		{C2900C0E-114C-437B-8DAC-02D33C6BCC08}.Debug|Any CPU.Build.0 = Debug|Any CPU
		{C2900C0E-114C-437B-8DAC-02D33C6BCC08}.Release|Any CPU.ActiveCfg = Release|Any CPU
		{C2900C0E-114C-437B-8DAC-02D33C6BCC08}.Release|Any CPU.Build.0 = Release|Any CPU
		{B67B1D21-D805-4729-BCF7-407C5BC29F23}.Debug|Any CPU.ActiveCfg = Debug|Any CPU
		{B67B1D21-D805-4729-BCF7-407C5BC29F23}.Debug|Any CPU.Build.0 = Debug|Any CPU
		{B67B1D21-D805-4729-BCF7-407C5BC29F23}.Release|Any CPU.ActiveCfg = Release|Any CPU
		{B67B1D21-D805-4729-BCF7-407C5BC29F23}.Release|Any CPU.Build.0 = Release|Any CPU
		{CF934C3E-941D-4AB7-A935-3AAB2C6D6920}.Debug|Any CPU.ActiveCfg = Debug|Any CPU
		{CF934C3E-941D-4AB7-A935-3AAB2C6D6920}.Debug|Any CPU.Build.0 = Debug|Any CPU
		{CF934C3E-941D-4AB7-A935-3AAB2C6D6920}.Release|Any CPU.ActiveCfg = Release|Any CPU
		{CF934C3E-941D-4AB7-A935-3AAB2C6D6920}.Release|Any CPU.Build.0 = Release|Any CPU
		{F5BFB8EB-029B-407D-9B4F-ABA876BD6960}.Debug|Any CPU.ActiveCfg = Debug|Any CPU
		{F5BFB8EB-029B-407D-9B4F-ABA876BD6960}.Debug|Any CPU.Build.0 = Debug|Any CPU
		{F5BFB8EB-029B-407D-9B4F-ABA876BD6960}.Release|Any CPU.ActiveCfg = Release|Any CPU
		{F5BFB8EB-029B-407D-9B4F-ABA876BD6960}.Release|Any CPU.Build.0 = Release|Any CPU
	EndGlobalSection
	GlobalSection(SolutionProperties) = preSolution
		HideSolutionNode = FALSE
	EndGlobalSection
EndGlobal
