
Microsoft Visual Studio Solution File, Format Version 12.00
# Visual Studio 14
VisualStudioVersion = 14.0.25420.1
MinimumVisualStudioVersion = 10.0.40219.1
Project("{FAE04EC0-301F-11D3-BF4B-00C04F79EFBC}") = "1. Largest Common End", "1. Largest Common End\1. Largest Common End.csproj", "{CF04BC34-00E9-44A8-B6F7-6CE236E2410B}"
EndProject
Project("{FAE04EC0-301F-11D3-BF4B-00C04F79EFBC}") = "2. Rotate and Sum", "2. Rotate and Sum\2. Rotate and Sum.csproj", "{CD4E576E-079E-444B-B54D-E2755BD3745B}"
EndProject
Project("{FAE04EC0-301F-11D3-BF4B-00C04F79EFBC}") = "3. Fold and Sum", "3. Fold and Sum\3. Fold and Sum.csproj", "{A82A203B-90A8-48C7-B47D-4A6CE811065B}"
EndProject
Project("{FAE04EC0-301F-11D3-BF4B-00C04F79EFBC}") = "5. Compare Char Arrays", "5. Compare Char Arrays\5. Compare Char Arrays.csproj", "{022CF819-CB79-4DCB-A225-E31B9367C011}"
EndProject
Project("{FAE04EC0-301F-11D3-BF4B-00C04F79EFBC}") = "6. Max Sequence of Equal Elements", "6. Max Sequence of Equal Elements\6. Max Sequence of Equal Elements.csproj", "{175D0B67-075D-44E1-B4FC-80FDE6F2B2B6}"
EndProject
Project("{FAE04EC0-301F-11D3-BF4B-00C04F79EFBC}") = "7. Max Sequence of Increasing Elements", "7. Max Sequence of Increasing Elements\7. Max Sequence of Increasing Elements.csproj", "{884C817D-31E5-4BA8-B9BC-58E225CAD968}"
EndProject
Project("{FAE04EC0-301F-11D3-BF4B-00C04F79EFBC}") = "8. Most Frequent Number", "8. Most Frequent Number\8. Most Frequent Number.csproj", "{A6986D8E-DF32-4226-AD54-32F71D6ADD80}"
EndProject
Project("{FAE04EC0-301F-11D3-BF4B-00C04F79EFBC}") = "9. Index of Letters", "9. Index of Letters\9. Index of Letters.csproj", "{187E8946-6FA9-401A-9ADB-7757B1956283}"
EndProject
Project("{FAE04EC0-301F-11D3-BF4B-00C04F79EFBC}") = "10. Pairs by Difference", "10. Pairs by Difference\10. Pairs by Difference.csproj", "{EC0280CD-555B-446D-B6FA-373347F59EC0}"
EndProject
Project("{FAE04EC0-301F-11D3-BF4B-00C04F79EFBC}") = "11. Equal Sums", "11. Equal Sums\11. Equal Sums.csproj", "{39ED674D-734E-489D-BEBE-12352A420838}"
EndProject
Project("{FAE04EC0-301F-11D3-BF4B-00C04F79EFBC}") = "4. Sieve of Eratosthenes", "4. Sieve of Eratosthenes\4. Sieve of Eratosthenes.csproj", "{A0CA3624-8EB0-40F5-B211-EE0DB72E963F}"
EndProject
Global
	GlobalSection(SolutionConfigurationPlatforms) = preSolution
		Debug|Any CPU = Debug|Any CPU
		Release|Any CPU = Release|Any CPU
	EndGlobalSection
	GlobalSection(ProjectConfigurationPlatforms) = postSolution
		{CF04BC34-00E9-44A8-B6F7-6CE236E2410B}.Debug|Any CPU.ActiveCfg = Debug|Any CPU
		{CF04BC34-00E9-44A8-B6F7-6CE236E2410B}.Debug|Any CPU.Build.0 = Debug|Any CPU
		{CF04BC34-00E9-44A8-B6F7-6CE236E2410B}.Release|Any CPU.ActiveCfg = Release|Any CPU
		{CF04BC34-00E9-44A8-B6F7-6CE236E2410B}.Release|Any CPU.Build.0 = Release|Any CPU
		{CD4E576E-079E-444B-B54D-E2755BD3745B}.Debug|Any CPU.ActiveCfg = Debug|Any CPU
		{CD4E576E-079E-444B-B54D-E2755BD3745B}.Debug|Any CPU.Build.0 = Debug|Any CPU
		{CD4E576E-079E-444B-B54D-E2755BD3745B}.Release|Any CPU.ActiveCfg = Release|Any CPU
		{CD4E576E-079E-444B-B54D-E2755BD3745B}.Release|Any CPU.Build.0 = Release|Any CPU
		{A82A203B-90A8-48C7-B47D-4A6CE811065B}.Debug|Any CPU.ActiveCfg = Debug|Any CPU
		{A82A203B-90A8-48C7-B47D-4A6CE811065B}.Debug|Any CPU.Build.0 = Debug|Any CPU
		{A82A203B-90A8-48C7-B47D-4A6CE811065B}.Release|Any CPU.ActiveCfg = Release|Any CPU
		{A82A203B-90A8-48C7-B47D-4A6CE811065B}.Release|Any CPU.Build.0 = Release|Any CPU
		{022CF819-CB79-4DCB-A225-E31B9367C011}.Debug|Any CPU.ActiveCfg = Debug|Any CPU
		{022CF819-CB79-4DCB-A225-E31B9367C011}.Debug|Any CPU.Build.0 = Debug|Any CPU
		{022CF819-CB79-4DCB-A225-E31B9367C011}.Release|Any CPU.ActiveCfg = Release|Any CPU
		{022CF819-CB79-4DCB-A225-E31B9367C011}.Release|Any CPU.Build.0 = Release|Any CPU
		{175D0B67-075D-44E1-B4FC-80FDE6F2B2B6}.Debug|Any CPU.ActiveCfg = Debug|Any CPU
		{175D0B67-075D-44E1-B4FC-80FDE6F2B2B6}.Debug|Any CPU.Build.0 = Debug|Any CPU
		{175D0B67-075D-44E1-B4FC-80FDE6F2B2B6}.Release|Any CPU.ActiveCfg = Release|Any CPU
		{175D0B67-075D-44E1-B4FC-80FDE6F2B2B6}.Release|Any CPU.Build.0 = Release|Any CPU
		{884C817D-31E5-4BA8-B9BC-58E225CAD968}.Debug|Any CPU.ActiveCfg = Debug|Any CPU
		{884C817D-31E5-4BA8-B9BC-58E225CAD968}.Debug|Any CPU.Build.0 = Debug|Any CPU
		{884C817D-31E5-4BA8-B9BC-58E225CAD968}.Release|Any CPU.ActiveCfg = Release|Any CPU
		{884C817D-31E5-4BA8-B9BC-58E225CAD968}.Release|Any CPU.Build.0 = Release|Any CPU
		{A6986D8E-DF32-4226-AD54-32F71D6ADD80}.Debug|Any CPU.ActiveCfg = Debug|Any CPU
		{A6986D8E-DF32-4226-AD54-32F71D6ADD80}.Debug|Any CPU.Build.0 = Debug|Any CPU
		{A6986D8E-DF32-4226-AD54-32F71D6ADD80}.Release|Any CPU.ActiveCfg = Release|Any CPU
		{A6986D8E-DF32-4226-AD54-32F71D6ADD80}.Release|Any CPU.Build.0 = Release|Any CPU
		{187E8946-6FA9-401A-9ADB-7757B1956283}.Debug|Any CPU.ActiveCfg = Debug|Any CPU
		{187E8946-6FA9-401A-9ADB-7757B1956283}.Debug|Any CPU.Build.0 = Debug|Any CPU
		{187E8946-6FA9-401A-9ADB-7757B1956283}.Release|Any CPU.ActiveCfg = Release|Any CPU
		{187E8946-6FA9-401A-9ADB-7757B1956283}.Release|Any CPU.Build.0 = Release|Any CPU
		{EC0280CD-555B-446D-B6FA-373347F59EC0}.Debug|Any CPU.ActiveCfg = Debug|Any CPU
		{EC0280CD-555B-446D-B6FA-373347F59EC0}.Debug|Any CPU.Build.0 = Debug|Any CPU
		{EC0280CD-555B-446D-B6FA-373347F59EC0}.Release|Any CPU.ActiveCfg = Release|Any CPU
		{EC0280CD-555B-446D-B6FA-373347F59EC0}.Release|Any CPU.Build.0 = Release|Any CPU
		{39ED674D-734E-489D-BEBE-12352A420838}.Debug|Any CPU.ActiveCfg = Debug|Any CPU
		{39ED674D-734E-489D-BEBE-12352A420838}.Debug|Any CPU.Build.0 = Debug|Any CPU
		{39ED674D-734E-489D-BEBE-12352A420838}.Release|Any CPU.ActiveCfg = Release|Any CPU
		{39ED674D-734E-489D-BEBE-12352A420838}.Release|Any CPU.Build.0 = Release|Any CPU
		{A0CA3624-8EB0-40F5-B211-EE0DB72E963F}.Debug|Any CPU.ActiveCfg = Debug|Any CPU
		{A0CA3624-8EB0-40F5-B211-EE0DB72E963F}.Debug|Any CPU.Build.0 = Debug|Any CPU
		{A0CA3624-8EB0-40F5-B211-EE0DB72E963F}.Release|Any CPU.ActiveCfg = Release|Any CPU
		{A0CA3624-8EB0-40F5-B211-EE0DB72E963F}.Release|Any CPU.Build.0 = Release|Any CPU
	EndGlobalSection
	GlobalSection(SolutionProperties) = preSolution
		HideSolutionNode = FALSE
	EndGlobalSection
EndGlobal
