
Microsoft Visual Studio Solution File, Format Version 12.00
# Visual Studio 14
VisualStudioVersion = 14.0.25420.1
MinimumVisualStudioVersion = 10.0.40219.1
Project("{FAE04EC0-301F-11D3-BF4B-00C04F79EFBC}") = "1. Reverse Strings", "1. Reverse Strings\1. Reverse Strings.csproj", "{B4DE8610-BD2B-41FF-AD75-2E21A901B846}"
EndProject
Project("{FAE04EC0-301F-11D3-BF4B-00C04F79EFBC}") = "2. String Length", "2. String Length\2. String Length.csproj", "{617C340A-4EF8-4158-93F8-3070670429B5}"
EndProject
Project("{FAE04EC0-301F-11D3-BF4B-00C04F79EFBC}") = "3. Formatting Numbers", "3. Formatting Numbers\3. Formatting Numbers.csproj", "{8D950276-EF27-4320-B0F4-A2BBFAA81371}"
EndProject
Project("{FAE04EC0-301F-11D3-BF4B-00C04F79EFBC}") = "6. Count Substring Occurrences", "6. Count Substring Occurrences\6. Count Substring Occurrences.csproj", "{87AD1DDF-7566-4C62-85FC-2BC81057ADF5}"
EndProject
Project("{FAE04EC0-301F-11D3-BF4B-00C04F79EFBC}") = "9. Text Filter", "9. Text Filter\9. Text Filter.csproj", "{99B90590-5DE8-487C-A855-13358E6B3023}"
EndProject
Project("{FAE04EC0-301F-11D3-BF4B-00C04F79EFBC}") = "11. Palindromes", "11. Palindromes\11. Palindromes.csproj", "{E69DC8A1-8FC4-427D-A8D2-82CF4DCFAFE9}"
EndProject
Global
	GlobalSection(SolutionConfigurationPlatforms) = preSolution
		Debug|Any CPU = Debug|Any CPU
		Release|Any CPU = Release|Any CPU
	EndGlobalSection
	GlobalSection(ProjectConfigurationPlatforms) = postSolution
		{B4DE8610-BD2B-41FF-AD75-2E21A901B846}.Debug|Any CPU.ActiveCfg = Debug|Any CPU
		{B4DE8610-BD2B-41FF-AD75-2E21A901B846}.Debug|Any CPU.Build.0 = Debug|Any CPU
		{B4DE8610-BD2B-41FF-AD75-2E21A901B846}.Release|Any CPU.ActiveCfg = Release|Any CPU
		{B4DE8610-BD2B-41FF-AD75-2E21A901B846}.Release|Any CPU.Build.0 = Release|Any CPU
		{617C340A-4EF8-4158-93F8-3070670429B5}.Debug|Any CPU.ActiveCfg = Debug|Any CPU
		{617C340A-4EF8-4158-93F8-3070670429B5}.Debug|Any CPU.Build.0 = Debug|Any CPU
		{617C340A-4EF8-4158-93F8-3070670429B5}.Release|Any CPU.ActiveCfg = Release|Any CPU
		{617C340A-4EF8-4158-93F8-3070670429B5}.Release|Any CPU.Build.0 = Release|Any CPU
		{8D950276-EF27-4320-B0F4-A2BBFAA81371}.Debug|Any CPU.ActiveCfg = Debug|Any CPU
		{8D950276-EF27-4320-B0F4-A2BBFAA81371}.Debug|Any CPU.Build.0 = Debug|Any CPU
		{8D950276-EF27-4320-B0F4-A2BBFAA81371}.Release|Any CPU.ActiveCfg = Release|Any CPU
		{8D950276-EF27-4320-B0F4-A2BBFAA81371}.Release|Any CPU.Build.0 = Release|Any CPU
		{87AD1DDF-7566-4C62-85FC-2BC81057ADF5}.Debug|Any CPU.ActiveCfg = Debug|Any CPU
		{87AD1DDF-7566-4C62-85FC-2BC81057ADF5}.Debug|Any CPU.Build.0 = Debug|Any CPU
		{87AD1DDF-7566-4C62-85FC-2BC81057ADF5}.Release|Any CPU.ActiveCfg = Release|Any CPU
		{87AD1DDF-7566-4C62-85FC-2BC81057ADF5}.Release|Any CPU.Build.0 = Release|Any CPU
		{99B90590-5DE8-487C-A855-13358E6B3023}.Debug|Any CPU.ActiveCfg = Debug|Any CPU
		{99B90590-5DE8-487C-A855-13358E6B3023}.Debug|Any CPU.Build.0 = Debug|Any CPU
		{99B90590-5DE8-487C-A855-13358E6B3023}.Release|Any CPU.ActiveCfg = Release|Any CPU
		{99B90590-5DE8-487C-A855-13358E6B3023}.Release|Any CPU.Build.0 = Release|Any CPU
		{E69DC8A1-8FC4-427D-A8D2-82CF4DCFAFE9}.Debug|Any CPU.ActiveCfg = Debug|Any CPU
		{E69DC8A1-8FC4-427D-A8D2-82CF4DCFAFE9}.Debug|Any CPU.Build.0 = Debug|Any CPU
		{E69DC8A1-8FC4-427D-A8D2-82CF4DCFAFE9}.Release|Any CPU.ActiveCfg = Release|Any CPU
		{E69DC8A1-8FC4-427D-A8D2-82CF4DCFAFE9}.Release|Any CPU.Build.0 = Release|Any CPU
	EndGlobalSection
	GlobalSection(SolutionProperties) = preSolution
		HideSolutionNode = FALSE
	EndGlobalSection
EndGlobal
