
Microsoft Visual Studio Solution File, Format Version 12.00
# Visual Studio 14
VisualStudioVersion = 14.0.25420.1
MinimumVisualStudioVersion = 10.0.40219.1
Project("{FAE04EC0-301F-11D3-BF4B-00C04F79EFBC}") = "1. Extract Emails", "1. Extract Emails\1. Extract Emails.csproj", "{0E879B32-A3E5-4C32-8A8C-5E07428CF8A9}"
EndProject
Project("{FAE04EC0-301F-11D3-BF4B-00C04F79EFBC}") = "2. Extract sentences by keyword", "2. Extract sentences by keyword\2. Extract sentences by keyword.csproj", "{141EBFE3-89BB-4C3A-A416-2374A4966A58}"
EndProject
Project("{FAE04EC0-301F-11D3-BF4B-00C04F79EFBC}") = "3. Valid Usernames", "3. Valid Usernames\3. Valid Usernames.csproj", "{F58E4C4C-6DE8-4E6B-B824-EAD15A1FDE15}"
EndProject
Project("{FAE04EC0-301F-11D3-BF4B-00C04F79EFBC}") = "4. Query Mess", "4. Query Mess\4. Query Mess.csproj", "{CBBFAC05-D213-40FD-AA52-40C94B352EFC}"
EndProject
Project("{FAE04EC0-301F-11D3-BF4B-00C04F79EFBC}") = "5. Use Your Chains", "5. Use Your Chains\5. Use Your Chains.csproj", "{64BAD144-81B1-4416-A301-0034561DFC40}"
EndProject
Global
	GlobalSection(SolutionConfigurationPlatforms) = preSolution
		Debug|Any CPU = Debug|Any CPU
		Release|Any CPU = Release|Any CPU
	EndGlobalSection
	GlobalSection(ProjectConfigurationPlatforms) = postSolution
		{0E879B32-A3E5-4C32-8A8C-5E07428CF8A9}.Debug|Any CPU.ActiveCfg = Debug|Any CPU
		{0E879B32-A3E5-4C32-8A8C-5E07428CF8A9}.Debug|Any CPU.Build.0 = Debug|Any CPU
		{0E879B32-A3E5-4C32-8A8C-5E07428CF8A9}.Release|Any CPU.ActiveCfg = Release|Any CPU
		{0E879B32-A3E5-4C32-8A8C-5E07428CF8A9}.Release|Any CPU.Build.0 = Release|Any CPU
		{141EBFE3-89BB-4C3A-A416-2374A4966A58}.Debug|Any CPU.ActiveCfg = Debug|Any CPU
		{141EBFE3-89BB-4C3A-A416-2374A4966A58}.Debug|Any CPU.Build.0 = Debug|Any CPU
		{141EBFE3-89BB-4C3A-A416-2374A4966A58}.Release|Any CPU.ActiveCfg = Release|Any CPU
		{141EBFE3-89BB-4C3A-A416-2374A4966A58}.Release|Any CPU.Build.0 = Release|Any CPU
		{F58E4C4C-6DE8-4E6B-B824-EAD15A1FDE15}.Debug|Any CPU.ActiveCfg = Debug|Any CPU
		{F58E4C4C-6DE8-4E6B-B824-EAD15A1FDE15}.Debug|Any CPU.Build.0 = Debug|Any CPU
		{F58E4C4C-6DE8-4E6B-B824-EAD15A1FDE15}.Release|Any CPU.ActiveCfg = Release|Any CPU
		{F58E4C4C-6DE8-4E6B-B824-EAD15A1FDE15}.Release|Any CPU.Build.0 = Release|Any CPU
		{CBBFAC05-D213-40FD-AA52-40C94B352EFC}.Debug|Any CPU.ActiveCfg = Debug|Any CPU
		{CBBFAC05-D213-40FD-AA52-40C94B352EFC}.Debug|Any CPU.Build.0 = Debug|Any CPU
		{CBBFAC05-D213-40FD-AA52-40C94B352EFC}.Release|Any CPU.ActiveCfg = Release|Any CPU
		{CBBFAC05-D213-40FD-AA52-40C94B352EFC}.Release|Any CPU.Build.0 = Release|Any CPU
		{64BAD144-81B1-4416-A301-0034561DFC40}.Debug|Any CPU.ActiveCfg = Debug|Any CPU
		{64BAD144-81B1-4416-A301-0034561DFC40}.Debug|Any CPU.Build.0 = Debug|Any CPU
		{64BAD144-81B1-4416-A301-0034561DFC40}.Release|Any CPU.ActiveCfg = Release|Any CPU
		{64BAD144-81B1-4416-A301-0034561DFC40}.Release|Any CPU.Build.0 = Release|Any CPU
	EndGlobalSection
	GlobalSection(SolutionProperties) = preSolution
		HideSolutionNode = FALSE
	EndGlobalSection
EndGlobal
