
Microsoft Visual Studio Solution File, Format Version 12.00
# Visual Studio 15
VisualStudioVersion = 15.0.27428.2002
MinimumVisualStudioVersion = 10.0.40219.1
Project("{FAE04EC0-301F-11D3-BF4B-00C04F79EFBC}") = "P03_FootballBetting", "P03_FootballBetting\P03_FootballBetting.csproj", "{811D4D58-7F99-474F-B63E-17C4EECEFDB3}"
EndProject
Project("{FAE04EC0-301F-11D3-BF4B-00C04F79EFBC}") = "P03_FootballBetting.Data", "P03_FootballBetting.Data\P03_FootballBetting.Data.csproj", "{8DA65507-D871-4936-A639-F57468C82B0F}"
EndProject
Project("{FAE04EC0-301F-11D3-BF4B-00C04F79EFBC}") = "P03_FootballBetting.Data.Models", "P03_FootballBetting.Data.Models\P03_FootballBetting.Data.Models.csproj", "{606ECB68-87EA-4B04-92E4-59AA41F851F1}"
EndProject
Global
	GlobalSection(SolutionConfigurationPlatforms) = preSolution
		Debug|Any CPU = Debug|Any CPU
		Release|Any CPU = Release|Any CPU
	EndGlobalSection
	GlobalSection(ProjectConfigurationPlatforms) = postSolution
		{811D4D58-7F99-474F-B63E-17C4EECEFDB3}.Debug|Any CPU.ActiveCfg = Debug|Any CPU
		{811D4D58-7F99-474F-B63E-17C4EECEFDB3}.Debug|Any CPU.Build.0 = Debug|Any CPU
		{811D4D58-7F99-474F-B63E-17C4EECEFDB3}.Release|Any CPU.ActiveCfg = Release|Any CPU
		{811D4D58-7F99-474F-B63E-17C4EECEFDB3}.Release|Any CPU.Build.0 = Release|Any CPU
		{8DA65507-D871-4936-A639-F57468C82B0F}.Debug|Any CPU.ActiveCfg = Debug|Any CPU
		{8DA65507-D871-4936-A639-F57468C82B0F}.Debug|Any CPU.Build.0 = Debug|Any CPU
		{8DA65507-D871-4936-A639-F57468C82B0F}.Release|Any CPU.ActiveCfg = Release|Any CPU
		{8DA65507-D871-4936-A639-F57468C82B0F}.Release|Any CPU.Build.0 = Release|Any CPU
		{606ECB68-87EA-4B04-92E4-59AA41F851F1}.Debug|Any CPU.ActiveCfg = Debug|Any CPU
		{606ECB68-87EA-4B04-92E4-59AA41F851F1}.Debug|Any CPU.Build.0 = Debug|Any CPU
		{606ECB68-87EA-4B04-92E4-59AA41F851F1}.Release|Any CPU.ActiveCfg = Release|Any CPU
		{606ECB68-87EA-4B04-92E4-59AA41F851F1}.Release|Any CPU.Build.0 = Release|Any CPU
	EndGlobalSection
	GlobalSection(SolutionProperties) = preSolution
		HideSolutionNode = FALSE
	EndGlobalSection
	GlobalSection(ExtensibilityGlobals) = postSolution
		SolutionGuid = {1659EF8D-1A83-4072-9C66-19D34E1748AF}
	EndGlobalSection
EndGlobal
