
Microsoft Visual Studio Solution File, Format Version 12.00
# Visual Studio 14
VisualStudioVersion = 14.0.25420.1
MinimumVisualStudioVersion = 10.0.40219.1
Project("{FAE04EC0-301F-11D3-BF4B-00C04F79EFBC}") = "1. Phonebook", "1. Phonebook\1. Phonebook.csproj", "{4F219CEB-F870-48EE-A166-B6116EBCF29E}"
EndProject
Project("{FAE04EC0-301F-11D3-BF4B-00C04F79EFBC}") = "2. Phonebook Upgrade", "2. Phonebook Upgrade\2. Phonebook Upgrade.csproj", "{0C8E6899-A826-409C-8E7F-1C38F344A7EB}"
EndProject
Project("{FAE04EC0-301F-11D3-BF4B-00C04F79EFBC}") = "3. A Miner Task", "3. A Miner Task\3. A Miner Task.csproj", "{AF07EB2C-5D30-4CE3-8FD7-35177405734F}"
EndProject
Project("{FAE04EC0-301F-11D3-BF4B-00C04F79EFBC}") = "4. Fix Emails", "4. Fix Emails\4. Fix Emails.csproj", "{70B769C3-CE46-4D67-8CC2-D4822FF745FA}"
EndProject
Project("{FAE04EC0-301F-11D3-BF4B-00C04F79EFBC}") = "5. Hands of Cards", "5. Hands of Cards\5. Hands of Cards.csproj", "{BBEEAE11-2554-45FA-893C-4101166701EE}"
EndProject
Project("{FAE04EC0-301F-11D3-BF4B-00C04F79EFBC}") = "6. User Logs", "6. User Logs\6. User Logs.csproj", "{37F9DAF6-F16A-4E8E-B938-E68708BDC69E}"
EndProject
Project("{FAE04EC0-301F-11D3-BF4B-00C04F79EFBC}") = "7. Population Counter", "7. Population Counter\7. Population Counter.csproj", "{EE9E6EEF-CF7A-4F3E-BECD-DB9D692D5D67}"
EndProject
Project("{FAE04EC0-301F-11D3-BF4B-00C04F79EFBC}") = "8. Logs Aggregator", "8. Logs Aggregator\8. Logs Aggregator.csproj", "{90B2F253-FA2A-4D11-A97F-4D02E5C7074E}"
EndProject
Project("{FAE04EC0-301F-11D3-BF4B-00C04F79EFBC}") = "9. Legendary Farming", "9. Legendary Farming\9. Legendary Farming.csproj", "{633F2D5E-C003-4EFE-851C-B90E89A5AA48}"
EndProject
Project("{FAE04EC0-301F-11D3-BF4B-00C04F79EFBC}") = "10. Serbian Unleashed", "10. Serbian Unleashed\10. Serbian Unleashed.csproj", "{2D47A359-D44F-481A-9AD2-27FE10B1B836}"
EndProject
Project("{FAE04EC0-301F-11D3-BF4B-00C04F79EFBC}") = "11. Dragon Army", "11. Dragon Army\11. Dragon Army.csproj", "{309FFB97-DAB6-4417-BF6E-93FA1CEE2D0E}"
EndProject
Global
	GlobalSection(SolutionConfigurationPlatforms) = preSolution
		Debug|Any CPU = Debug|Any CPU
		Release|Any CPU = Release|Any CPU
	EndGlobalSection
	GlobalSection(ProjectConfigurationPlatforms) = postSolution
		{4F219CEB-F870-48EE-A166-B6116EBCF29E}.Debug|Any CPU.ActiveCfg = Debug|Any CPU
		{4F219CEB-F870-48EE-A166-B6116EBCF29E}.Debug|Any CPU.Build.0 = Debug|Any CPU
		{4F219CEB-F870-48EE-A166-B6116EBCF29E}.Release|Any CPU.ActiveCfg = Release|Any CPU
		{4F219CEB-F870-48EE-A166-B6116EBCF29E}.Release|Any CPU.Build.0 = Release|Any CPU
		{0C8E6899-A826-409C-8E7F-1C38F344A7EB}.Debug|Any CPU.ActiveCfg = Debug|Any CPU
		{0C8E6899-A826-409C-8E7F-1C38F344A7EB}.Debug|Any CPU.Build.0 = Debug|Any CPU
		{0C8E6899-A826-409C-8E7F-1C38F344A7EB}.Release|Any CPU.ActiveCfg = Release|Any CPU
		{0C8E6899-A826-409C-8E7F-1C38F344A7EB}.Release|Any CPU.Build.0 = Release|Any CPU
		{AF07EB2C-5D30-4CE3-8FD7-35177405734F}.Debug|Any CPU.ActiveCfg = Debug|Any CPU
		{AF07EB2C-5D30-4CE3-8FD7-35177405734F}.Debug|Any CPU.Build.0 = Debug|Any CPU
		{AF07EB2C-5D30-4CE3-8FD7-35177405734F}.Release|Any CPU.ActiveCfg = Release|Any CPU
		{AF07EB2C-5D30-4CE3-8FD7-35177405734F}.Release|Any CPU.Build.0 = Release|Any CPU
		{70B769C3-CE46-4D67-8CC2-D4822FF745FA}.Debug|Any CPU.ActiveCfg = Debug|Any CPU
		{70B769C3-CE46-4D67-8CC2-D4822FF745FA}.Debug|Any CPU.Build.0 = Debug|Any CPU
		{70B769C3-CE46-4D67-8CC2-D4822FF745FA}.Release|Any CPU.ActiveCfg = Release|Any CPU
		{70B769C3-CE46-4D67-8CC2-D4822FF745FA}.Release|Any CPU.Build.0 = Release|Any CPU
		{BBEEAE11-2554-45FA-893C-4101166701EE}.Debug|Any CPU.ActiveCfg = Debug|Any CPU
		{BBEEAE11-2554-45FA-893C-4101166701EE}.Debug|Any CPU.Build.0 = Debug|Any CPU
		{BBEEAE11-2554-45FA-893C-4101166701EE}.Release|Any CPU.ActiveCfg = Release|Any CPU
		{BBEEAE11-2554-45FA-893C-4101166701EE}.Release|Any CPU.Build.0 = Release|Any CPU
		{37F9DAF6-F16A-4E8E-B938-E68708BDC69E}.Debug|Any CPU.ActiveCfg = Debug|Any CPU
		{37F9DAF6-F16A-4E8E-B938-E68708BDC69E}.Debug|Any CPU.Build.0 = Debug|Any CPU
		{37F9DAF6-F16A-4E8E-B938-E68708BDC69E}.Release|Any CPU.ActiveCfg = Release|Any CPU
		{37F9DAF6-F16A-4E8E-B938-E68708BDC69E}.Release|Any CPU.Build.0 = Release|Any CPU
		{EE9E6EEF-CF7A-4F3E-BECD-DB9D692D5D67}.Debug|Any CPU.ActiveCfg = Debug|Any CPU
		{EE9E6EEF-CF7A-4F3E-BECD-DB9D692D5D67}.Debug|Any CPU.Build.0 = Debug|Any CPU
		{EE9E6EEF-CF7A-4F3E-BECD-DB9D692D5D67}.Release|Any CPU.ActiveCfg = Release|Any CPU
		{EE9E6EEF-CF7A-4F3E-BECD-DB9D692D5D67}.Release|Any CPU.Build.0 = Release|Any CPU
		{90B2F253-FA2A-4D11-A97F-4D02E5C7074E}.Debug|Any CPU.ActiveCfg = Debug|Any CPU
		{90B2F253-FA2A-4D11-A97F-4D02E5C7074E}.Debug|Any CPU.Build.0 = Debug|Any CPU
		{90B2F253-FA2A-4D11-A97F-4D02E5C7074E}.Release|Any CPU.ActiveCfg = Release|Any CPU
		{90B2F253-FA2A-4D11-A97F-4D02E5C7074E}.Release|Any CPU.Build.0 = Release|Any CPU
		{633F2D5E-C003-4EFE-851C-B90E89A5AA48}.Debug|Any CPU.ActiveCfg = Debug|Any CPU
		{633F2D5E-C003-4EFE-851C-B90E89A5AA48}.Debug|Any CPU.Build.0 = Debug|Any CPU
		{633F2D5E-C003-4EFE-851C-B90E89A5AA48}.Release|Any CPU.ActiveCfg = Release|Any CPU
		{633F2D5E-C003-4EFE-851C-B90E89A5AA48}.Release|Any CPU.Build.0 = Release|Any CPU
		{2D47A359-D44F-481A-9AD2-27FE10B1B836}.Debug|Any CPU.ActiveCfg = Debug|Any CPU
		{2D47A359-D44F-481A-9AD2-27FE10B1B836}.Debug|Any CPU.Build.0 = Debug|Any CPU
		{2D47A359-D44F-481A-9AD2-27FE10B1B836}.Release|Any CPU.ActiveCfg = Release|Any CPU
		{2D47A359-D44F-481A-9AD2-27FE10B1B836}.Release|Any CPU.Build.0 = Release|Any CPU
		{309FFB97-DAB6-4417-BF6E-93FA1CEE2D0E}.Debug|Any CPU.ActiveCfg = Debug|Any CPU
		{309FFB97-DAB6-4417-BF6E-93FA1CEE2D0E}.Debug|Any CPU.Build.0 = Debug|Any CPU
		{309FFB97-DAB6-4417-BF6E-93FA1CEE2D0E}.Release|Any CPU.ActiveCfg = Release|Any CPU
		{309FFB97-DAB6-4417-BF6E-93FA1CEE2D0E}.Release|Any CPU.Build.0 = Release|Any CPU
	EndGlobalSection
	GlobalSection(SolutionProperties) = preSolution
		HideSolutionNode = FALSE
	EndGlobalSection
EndGlobal
