
Microsoft Visual Studio Solution File, Format Version 12.00
# Visual Studio 15
VisualStudioVersion = 15.0.27428.2002
MinimumVisualStudioVersion = 10.0.40219.1
Project("{FAE04EC0-301F-11D3-BF4B-00C04F79EFBC}") = "Database", "Database\Database.csproj", "{2BDFF17B-AE25-4FA0-9713-7AA0A6D11948}"
EndProject
Project("{FAE04EC0-301F-11D3-BF4B-00C04F79EFBC}") = "DatabaseUnitTests", "ClassLibrary1\DatabaseUnitTests.csproj", "{A77D20DD-F519-4012-AC25-04E05D4E43BA}"
EndProject
Global
	GlobalSection(SolutionConfigurationPlatforms) = preSolution
		Debug|Any CPU = Debug|Any CPU
		Release|Any CPU = Release|Any CPU
	EndGlobalSection
	GlobalSection(ProjectConfigurationPlatforms) = postSolution
		{2BDFF17B-AE25-4FA0-9713-7AA0A6D11948}.Debug|Any CPU.ActiveCfg = Debug|Any CPU
		{2BDFF17B-AE25-4FA0-9713-7AA0A6D11948}.Debug|Any CPU.Build.0 = Debug|Any CPU
		{2BDFF17B-AE25-4FA0-9713-7AA0A6D11948}.Release|Any CPU.ActiveCfg = Release|Any CPU
		{2BDFF17B-AE25-4FA0-9713-7AA0A6D11948}.Release|Any CPU.Build.0 = Release|Any CPU
		{A77D20DD-F519-4012-AC25-04E05D4E43BA}.Debug|Any CPU.ActiveCfg = Debug|Any CPU
		{A77D20DD-F519-4012-AC25-04E05D4E43BA}.Debug|Any CPU.Build.0 = Debug|Any CPU
		{A77D20DD-F519-4012-AC25-04E05D4E43BA}.Release|Any CPU.ActiveCfg = Release|Any CPU
		{A77D20DD-F519-4012-AC25-04E05D4E43BA}.Release|Any CPU.Build.0 = Release|Any CPU
	EndGlobalSection
	GlobalSection(SolutionProperties) = preSolution
		HideSolutionNode = FALSE
	EndGlobalSection
	GlobalSection(ExtensibilityGlobals) = postSolution
		SolutionGuid = {BC2316B7-95B0-4AD7-8E49-BF32FE4CFEC5}
	EndGlobalSection
EndGlobal
