
Microsoft Visual Studio Solution File, Format Version 12.00
# Visual Studio 15
VisualStudioVersion = 15.0.27428.2002
MinimumVisualStudioVersion = 10.0.40219.1
Project("{9A19103F-16F7-4668-BE54-9A1E7A4F7556}") = "P01_HarvestingFields", "P01_HarvestingFields\P01_HarvestingFields.csproj", "{3A8B7A92-0E63-43B8-A25A-4695E1CA935B}"
EndProject
Project("{9A19103F-16F7-4668-BE54-9A1E7A4F7556}") = "P02_BlackBoxInteger", "P02_BlackBoxInteger\P02_BlackBoxInteger.csproj", "{9F6F6E80-CF8A-4630-8985-63B9D5C840C5}"
EndProject
Global
	GlobalSection(SolutionConfigurationPlatforms) = preSolution
		Debug|Any CPU = Debug|Any CPU
		Release|Any CPU = Release|Any CPU
	EndGlobalSection
	GlobalSection(ProjectConfigurationPlatforms) = postSolution
		{3A8B7A92-0E63-43B8-A25A-4695E1CA935B}.Debug|Any CPU.ActiveCfg = Debug|Any CPU
		{3A8B7A92-0E63-43B8-A25A-4695E1CA935B}.Debug|Any CPU.Build.0 = Debug|Any CPU
		{3A8B7A92-0E63-43B8-A25A-4695E1CA935B}.Release|Any CPU.ActiveCfg = Release|Any CPU
		{3A8B7A92-0E63-43B8-A25A-4695E1CA935B}.Release|Any CPU.Build.0 = Release|Any CPU
		{9F6F6E80-CF8A-4630-8985-63B9D5C840C5}.Debug|Any CPU.ActiveCfg = Debug|Any CPU
		{9F6F6E80-CF8A-4630-8985-63B9D5C840C5}.Debug|Any CPU.Build.0 = Debug|Any CPU
		{9F6F6E80-CF8A-4630-8985-63B9D5C840C5}.Release|Any CPU.ActiveCfg = Release|Any CPU
		{9F6F6E80-CF8A-4630-8985-63B9D5C840C5}.Release|Any CPU.Build.0 = Release|Any CPU
	EndGlobalSection
	GlobalSection(SolutionProperties) = preSolution
		HideSolutionNode = FALSE
	EndGlobalSection
	GlobalSection(ExtensibilityGlobals) = postSolution
		SolutionGuid = {180EA308-A81D-4E25-BECC-CB72B124125D}
	EndGlobalSection
EndGlobal
