
Microsoft Visual Studio Solution File, Format Version 12.00
# Visual Studio 15
VisualStudioVersion = 15.0.27428.2002
MinimumVisualStudioVersion = 10.0.40219.1
Project("{9A19103F-16F7-4668-BE54-9A1E7A4F7556}") = "ComparingObjects", "Comparing Objects\ComparingObjects.csproj", "{4E07A3AE-FD54-468E-94B3-A15B04E27635}"
EndProject
Project("{FAE04EC0-301F-11D3-BF4B-00C04F79EFBC}") = "StrategyPattern", "StrategyPattern\StrategyPattern.csproj", "{CFFA1534-2FCF-4CCD-B29B-86393254C65F}"
EndProject
Project("{FAE04EC0-301F-11D3-BF4B-00C04F79EFBC}") = "Froggy", "Froggy\Froggy.csproj", "{075B43A7-AB6A-4B4D-B791-24E4D181B6C1}"
EndProject
Project("{FAE04EC0-301F-11D3-BF4B-00C04F79EFBC}") = "EqualityLogic", "EqualityLogic\EqualityLogic.csproj", "{57118892-25A0-4B8C-B6D7-FC419ED6B74D}"
EndProject
Project("{FAE04EC0-301F-11D3-BF4B-00C04F79EFBC}") = "PetClinics", "PetClinics\PetClinics.csproj", "{42FC2DE4-727D-4F5F-BB09-48DACB04E438}"
EndProject
Global
	GlobalSection(SolutionConfigurationPlatforms) = preSolution
		Debug|Any CPU = Debug|Any CPU
		Release|Any CPU = Release|Any CPU
	EndGlobalSection
	GlobalSection(ProjectConfigurationPlatforms) = postSolution
		{4E07A3AE-FD54-468E-94B3-A15B04E27635}.Debug|Any CPU.ActiveCfg = Debug|Any CPU
		{4E07A3AE-FD54-468E-94B3-A15B04E27635}.Debug|Any CPU.Build.0 = Debug|Any CPU
		{4E07A3AE-FD54-468E-94B3-A15B04E27635}.Release|Any CPU.ActiveCfg = Release|Any CPU
		{4E07A3AE-FD54-468E-94B3-A15B04E27635}.Release|Any CPU.Build.0 = Release|Any CPU
		{CFFA1534-2FCF-4CCD-B29B-86393254C65F}.Debug|Any CPU.ActiveCfg = Debug|Any CPU
		{CFFA1534-2FCF-4CCD-B29B-86393254C65F}.Debug|Any CPU.Build.0 = Debug|Any CPU
		{CFFA1534-2FCF-4CCD-B29B-86393254C65F}.Release|Any CPU.ActiveCfg = Release|Any CPU
		{CFFA1534-2FCF-4CCD-B29B-86393254C65F}.Release|Any CPU.Build.0 = Release|Any CPU
		{075B43A7-AB6A-4B4D-B791-24E4D181B6C1}.Debug|Any CPU.ActiveCfg = Debug|Any CPU
		{075B43A7-AB6A-4B4D-B791-24E4D181B6C1}.Debug|Any CPU.Build.0 = Debug|Any CPU
		{075B43A7-AB6A-4B4D-B791-24E4D181B6C1}.Release|Any CPU.ActiveCfg = Release|Any CPU
		{075B43A7-AB6A-4B4D-B791-24E4D181B6C1}.Release|Any CPU.Build.0 = Release|Any CPU
		{57118892-25A0-4B8C-B6D7-FC419ED6B74D}.Debug|Any CPU.ActiveCfg = Debug|Any CPU
		{57118892-25A0-4B8C-B6D7-FC419ED6B74D}.Debug|Any CPU.Build.0 = Debug|Any CPU
		{57118892-25A0-4B8C-B6D7-FC419ED6B74D}.Release|Any CPU.ActiveCfg = Release|Any CPU
		{57118892-25A0-4B8C-B6D7-FC419ED6B74D}.Release|Any CPU.Build.0 = Release|Any CPU
		{42FC2DE4-727D-4F5F-BB09-48DACB04E438}.Debug|Any CPU.ActiveCfg = Debug|Any CPU
		{42FC2DE4-727D-4F5F-BB09-48DACB04E438}.Debug|Any CPU.Build.0 = Debug|Any CPU
		{42FC2DE4-727D-4F5F-BB09-48DACB04E438}.Release|Any CPU.ActiveCfg = Release|Any CPU
		{42FC2DE4-727D-4F5F-BB09-48DACB04E438}.Release|Any CPU.Build.0 = Release|Any CPU
	EndGlobalSection
	GlobalSection(SolutionProperties) = preSolution
		HideSolutionNode = FALSE
	EndGlobalSection
	GlobalSection(ExtensibilityGlobals) = postSolution
		SolutionGuid = {A385729D-A1D1-4970-8442-D4710DBE62F6}
	EndGlobalSection
EndGlobal
