
Microsoft Visual Studio Solution File, Format Version 12.00
# Visual Studio 14
VisualStudioVersion = 14.0.25420.1
MinimumVisualStudioVersion = 10.0.40219.1
Project("{FAE04EC0-301F-11D3-BF4B-00C04F79EFBC}") = "1.Convert base10 to baseN", "1.Convert base10 to baseN\1.Convert base10 to baseN.csproj", "{A409E39E-8BD8-4683-9489-20A022CDB16A}"
EndProject
Project("{FAE04EC0-301F-11D3-BF4B-00C04F79EFBC}") = "2. Convert baseN to base10", "2. Convert baseN to base10\2. Convert baseN to base10.csproj", "{3DF093B2-DB45-4A3C-AF1C-E6399123085E}"
EndProject
Project("{FAE04EC0-301F-11D3-BF4B-00C04F79EFBC}") = "3. Unicode Characters", "3. Unicode Characters\3. Unicode Characters.csproj", "{30F1C60A-E256-410B-A2F7-F001315CD4A7}"
EndProject
Project("{FAE04EC0-301F-11D3-BF4B-00C04F79EFBC}") = "6. Sum Big Numbers", "6. Sum Big Numbers\6. Sum Big Numbers.csproj", "{633941B3-A1F4-4E92-BB40-269444093900}"
EndProject
Project("{FAE04EC0-301F-11D3-BF4B-00C04F79EFBC}") = "7. Multiply big number", "7. Multiply big number\7. Multiply big number.csproj", "{36A65AA8-AF2F-4FB9-872E-91E8571EC745}"
EndProject
Project("{FAE04EC0-301F-11D3-BF4B-00C04F79EFBC}") = "4. Character Multiplier", "4. Character Multiplier\4. Character Multiplier.csproj", "{81669F62-E4AC-4E06-8C8D-E854299C7A38}"
EndProject
Project("{FAE04EC0-301F-11D3-BF4B-00C04F79EFBC}") = "5. Magic exchangeable words", "5. Magic exchangeable words\5. Magic exchangeable words.csproj", "{790CA7F4-2834-4064-9C36-3C04C559F58A}"
EndProject
Project("{FAE04EC0-301F-11D3-BF4B-00C04F79EFBC}") = "8. Letters Change Numbers", "8. Letters Change Numbers\8. Letters Change Numbers.csproj", "{5A6349D1-B298-4C72-8B6C-701CADE47DF6}"
EndProject
Project("{FAE04EC0-301F-11D3-BF4B-00C04F79EFBC}") = "9. Melrah Shake", "9. Melrah Shake\9. Melrah Shake.csproj", "{F45728D6-1448-4A59-917B-B71C75B6592E}"
EndProject
Global
	GlobalSection(SolutionConfigurationPlatforms) = preSolution
		Debug|Any CPU = Debug|Any CPU
		Release|Any CPU = Release|Any CPU
	EndGlobalSection
	GlobalSection(ProjectConfigurationPlatforms) = postSolution
		{A409E39E-8BD8-4683-9489-20A022CDB16A}.Debug|Any CPU.ActiveCfg = Debug|Any CPU
		{A409E39E-8BD8-4683-9489-20A022CDB16A}.Debug|Any CPU.Build.0 = Debug|Any CPU
		{A409E39E-8BD8-4683-9489-20A022CDB16A}.Release|Any CPU.ActiveCfg = Release|Any CPU
		{A409E39E-8BD8-4683-9489-20A022CDB16A}.Release|Any CPU.Build.0 = Release|Any CPU
		{3DF093B2-DB45-4A3C-AF1C-E6399123085E}.Debug|Any CPU.ActiveCfg = Debug|Any CPU
		{3DF093B2-DB45-4A3C-AF1C-E6399123085E}.Debug|Any CPU.Build.0 = Debug|Any CPU
		{3DF093B2-DB45-4A3C-AF1C-E6399123085E}.Release|Any CPU.ActiveCfg = Release|Any CPU
		{3DF093B2-DB45-4A3C-AF1C-E6399123085E}.Release|Any CPU.Build.0 = Release|Any CPU
		{30F1C60A-E256-410B-A2F7-F001315CD4A7}.Debug|Any CPU.ActiveCfg = Debug|Any CPU
		{30F1C60A-E256-410B-A2F7-F001315CD4A7}.Debug|Any CPU.Build.0 = Debug|Any CPU
		{30F1C60A-E256-410B-A2F7-F001315CD4A7}.Release|Any CPU.ActiveCfg = Release|Any CPU
		{30F1C60A-E256-410B-A2F7-F001315CD4A7}.Release|Any CPU.Build.0 = Release|Any CPU
		{633941B3-A1F4-4E92-BB40-269444093900}.Debug|Any CPU.ActiveCfg = Debug|Any CPU
		{633941B3-A1F4-4E92-BB40-269444093900}.Debug|Any CPU.Build.0 = Debug|Any CPU
		{633941B3-A1F4-4E92-BB40-269444093900}.Release|Any CPU.ActiveCfg = Release|Any CPU
		{633941B3-A1F4-4E92-BB40-269444093900}.Release|Any CPU.Build.0 = Release|Any CPU
		{36A65AA8-AF2F-4FB9-872E-91E8571EC745}.Debug|Any CPU.ActiveCfg = Debug|Any CPU
		{36A65AA8-AF2F-4FB9-872E-91E8571EC745}.Debug|Any CPU.Build.0 = Debug|Any CPU
		{36A65AA8-AF2F-4FB9-872E-91E8571EC745}.Release|Any CPU.ActiveCfg = Release|Any CPU
		{36A65AA8-AF2F-4FB9-872E-91E8571EC745}.Release|Any CPU.Build.0 = Release|Any CPU
		{81669F62-E4AC-4E06-8C8D-E854299C7A38}.Debug|Any CPU.ActiveCfg = Debug|Any CPU
		{81669F62-E4AC-4E06-8C8D-E854299C7A38}.Debug|Any CPU.Build.0 = Debug|Any CPU
		{81669F62-E4AC-4E06-8C8D-E854299C7A38}.Release|Any CPU.ActiveCfg = Release|Any CPU
		{81669F62-E4AC-4E06-8C8D-E854299C7A38}.Release|Any CPU.Build.0 = Release|Any CPU
		{790CA7F4-2834-4064-9C36-3C04C559F58A}.Debug|Any CPU.ActiveCfg = Debug|Any CPU
		{790CA7F4-2834-4064-9C36-3C04C559F58A}.Debug|Any CPU.Build.0 = Debug|Any CPU
		{790CA7F4-2834-4064-9C36-3C04C559F58A}.Release|Any CPU.ActiveCfg = Release|Any CPU
		{790CA7F4-2834-4064-9C36-3C04C559F58A}.Release|Any CPU.Build.0 = Release|Any CPU
		{5A6349D1-B298-4C72-8B6C-701CADE47DF6}.Debug|Any CPU.ActiveCfg = Debug|Any CPU
		{5A6349D1-B298-4C72-8B6C-701CADE47DF6}.Debug|Any CPU.Build.0 = Debug|Any CPU
		{5A6349D1-B298-4C72-8B6C-701CADE47DF6}.Release|Any CPU.ActiveCfg = Release|Any CPU
		{5A6349D1-B298-4C72-8B6C-701CADE47DF6}.Release|Any CPU.Build.0 = Release|Any CPU
		{F45728D6-1448-4A59-917B-B71C75B6592E}.Debug|Any CPU.ActiveCfg = Debug|Any CPU
		{F45728D6-1448-4A59-917B-B71C75B6592E}.Debug|Any CPU.Build.0 = Debug|Any CPU
		{F45728D6-1448-4A59-917B-B71C75B6592E}.Release|Any CPU.ActiveCfg = Release|Any CPU
		{F45728D6-1448-4A59-917B-B71C75B6592E}.Release|Any CPU.Build.0 = Release|Any CPU
	EndGlobalSection
	GlobalSection(SolutionProperties) = preSolution
		HideSolutionNode = FALSE
	EndGlobalSection
EndGlobal
