
Microsoft Visual Studio Solution File, Format Version 12.00
# Visual Studio 14
VisualStudioVersion = 14.0.25420.1
MinimumVisualStudioVersion = 10.0.40219.1
Project("{FAE04EC0-301F-11D3-BF4B-00C04F79EFBC}") = "1.2 SoftUni Karaoke", "1.2 SoftUni Karaoke\1.2 SoftUni Karaoke.csproj", "{3A8E5E3E-A8F5-4937-BBB3-52321148DCCF}"
EndProject
Project("{FAE04EC0-301F-11D3-BF4B-00C04F79EFBC}") = "1.3 Endurance Rally", "1.3 Endurance Rally\1.3 Endurance Rally.csproj", "{C434D7A4-1270-42EF-A429-ED0EDB06F38B}"
EndProject
Project("{FAE04EC0-301F-11D3-BF4B-00C04F79EFBC}") = "1.4 Winning Ticket", "1.4 Winning Ticket\1.4 Winning Ticket.csproj", "{C8CC26E0-3FE5-40AB-9E15-34072C34FE74}"
EndProject
Project("{FAE04EC0-301F-11D3-BF4B-00C04F79EFBC}") = "1.1 Sino The Walker", "1.1 Sino The Walker\1.1 Sino The Walker.csproj", "{03DB1AE5-CFDB-4902-9FE8-A70C46A54A42}"
EndProject
Global
	GlobalSection(SolutionConfigurationPlatforms) = preSolution
		Debug|Any CPU = Debug|Any CPU
		Release|Any CPU = Release|Any CPU
	EndGlobalSection
	GlobalSection(ProjectConfigurationPlatforms) = postSolution
		{3A8E5E3E-A8F5-4937-BBB3-52321148DCCF}.Debug|Any CPU.ActiveCfg = Debug|Any CPU
		{3A8E5E3E-A8F5-4937-BBB3-52321148DCCF}.Debug|Any CPU.Build.0 = Debug|Any CPU
		{3A8E5E3E-A8F5-4937-BBB3-52321148DCCF}.Release|Any CPU.ActiveCfg = Release|Any CPU
		{3A8E5E3E-A8F5-4937-BBB3-52321148DCCF}.Release|Any CPU.Build.0 = Release|Any CPU
		{C434D7A4-1270-42EF-A429-ED0EDB06F38B}.Debug|Any CPU.ActiveCfg = Debug|Any CPU
		{C434D7A4-1270-42EF-A429-ED0EDB06F38B}.Debug|Any CPU.Build.0 = Debug|Any CPU
		{C434D7A4-1270-42EF-A429-ED0EDB06F38B}.Release|Any CPU.ActiveCfg = Release|Any CPU
		{C434D7A4-1270-42EF-A429-ED0EDB06F38B}.Release|Any CPU.Build.0 = Release|Any CPU
		{C8CC26E0-3FE5-40AB-9E15-34072C34FE74}.Debug|Any CPU.ActiveCfg = Debug|Any CPU
		{C8CC26E0-3FE5-40AB-9E15-34072C34FE74}.Debug|Any CPU.Build.0 = Debug|Any CPU
		{C8CC26E0-3FE5-40AB-9E15-34072C34FE74}.Release|Any CPU.ActiveCfg = Release|Any CPU
		{C8CC26E0-3FE5-40AB-9E15-34072C34FE74}.Release|Any CPU.Build.0 = Release|Any CPU
		{03DB1AE5-CFDB-4902-9FE8-A70C46A54A42}.Debug|Any CPU.ActiveCfg = Debug|Any CPU
		{03DB1AE5-CFDB-4902-9FE8-A70C46A54A42}.Debug|Any CPU.Build.0 = Debug|Any CPU
		{03DB1AE5-CFDB-4902-9FE8-A70C46A54A42}.Release|Any CPU.ActiveCfg = Release|Any CPU
		{03DB1AE5-CFDB-4902-9FE8-A70C46A54A42}.Release|Any CPU.Build.0 = Release|Any CPU
	EndGlobalSection
	GlobalSection(SolutionProperties) = preSolution
		HideSolutionNode = FALSE
	EndGlobalSection
EndGlobal
