
Microsoft Visual Studio Solution File, Format Version 12.00
# Visual Studio 14
VisualStudioVersion = 14.0.25420.1
MinimumVisualStudioVersion = 10.0.40219.1
Project("{FAE04EC0-301F-11D3-BF4B-00C04F79EFBC}") = "GreedyTimes", "GreedyTimes\GreedyTimes.csproj", "{A454C2CF-F2AD-4970-BD49-5F755C99AEAF}"
EndProject
Project("{FAE04EC0-301F-11D3-BF4B-00C04F79EFBC}") = "Hospital", "Hospital\Hospital.csproj", "{6495C7E6-E4EC-4A55-9080-15DC7A33FADA}"
EndProject
Global
	GlobalSection(SolutionConfigurationPlatforms) = preSolution
		Debug|Any CPU = Debug|Any CPU
		Release|Any CPU = Release|Any CPU
	EndGlobalSection
	GlobalSection(ProjectConfigurationPlatforms) = postSolution
		{A454C2CF-F2AD-4970-BD49-5F755C99AEAF}.Debug|Any CPU.ActiveCfg = Debug|Any CPU
		{A454C2CF-F2AD-4970-BD49-5F755C99AEAF}.Debug|Any CPU.Build.0 = Debug|Any CPU
		{A454C2CF-F2AD-4970-BD49-5F755C99AEAF}.Release|Any CPU.ActiveCfg = Release|Any CPU
		{A454C2CF-F2AD-4970-BD49-5F755C99AEAF}.Release|Any CPU.Build.0 = Release|Any CPU
		{6495C7E6-E4EC-4A55-9080-15DC7A33FADA}.Debug|Any CPU.ActiveCfg = Debug|Any CPU
		{6495C7E6-E4EC-4A55-9080-15DC7A33FADA}.Debug|Any CPU.Build.0 = Debug|Any CPU
		{6495C7E6-E4EC-4A55-9080-15DC7A33FADA}.Release|Any CPU.ActiveCfg = Release|Any CPU
		{6495C7E6-E4EC-4A55-9080-15DC7A33FADA}.Release|Any CPU.Build.0 = Release|Any CPU
	EndGlobalSection
	GlobalSection(SolutionProperties) = preSolution
		HideSolutionNode = FALSE
	EndGlobalSection
EndGlobal
